
Microsoft Visual Studio Solution File, Format Version 12.00
# Visual Studio Version 17
VisualStudioVersion = 17.10.35013.160
MinimumVisualStudioVersion = 10.0.40219.1
Project("{FAE04EC0-301F-11D3-BF4B-00C04F79EFBC}") = "FirstWebAPIDemoCS", "FirstWebAPIDemoCS.csproj", "{8289E9A8-18FA-4338-A8AC-6265C7698BD0}"
EndProject
Global
	GlobalSection(SolutionConfigurationPlatforms) = preSolution
		Debug|Any CPU = Debug|Any CPU
		Release|Any CPU = Release|Any CPU
	EndGlobalSection
	GlobalSection(ProjectConfigurationPlatforms) = postSolution
		{8289E9A8-18FA-4338-A8AC-6265C7698BD0}.Debug|Any CPU.ActiveCfg = Debug|Any CPU
		{8289E9A8-18FA-4338-A8AC-6265C7698BD0}.Debug|Any CPU.Build.0 = Debug|Any CPU
		{8289E9A8-18FA-4338-A8AC-6265C7698BD0}.Release|Any CPU.ActiveCfg = Release|Any CPU
		{8289E9A8-18FA-4338-A8AC-6265C7698BD0}.Release|Any CPU.Build.0 = Release|Any CPU
	EndGlobalSection
	GlobalSection(SolutionProperties) = preSolution
		HideSolutionNode = FALSE
	EndGlobalSection
	GlobalSection(ExtensibilityGlobals) = postSolution
		SolutionGuid = {ADC3497A-AE24-4909-B272-85B07DDBA27E}
	EndGlobalSection
EndGlobal
