
Microsoft Visual Studio Solution File, Format Version 12.00
# Visual Studio Version 17
VisualStudioVersion = 17.10.35013.160
MinimumVisualStudioVersion = 10.0.40219.1
Project("{FAE04EC0-301F-11D3-BF4B-00C04F79EFBC}") = "IT7AExamWebAppCS", "IT7AExamWebAppCS.csproj", "{924691D9-88F9-4D83-8493-A084877F3528}"
EndProject
Global
	GlobalSection(SolutionConfigurationPlatforms) = preSolution
		Debug|Any CPU = Debug|Any CPU
		Release|Any CPU = Release|Any CPU
	EndGlobalSection
	GlobalSection(ProjectConfigurationPlatforms) = postSolution
		{924691D9-88F9-4D83-8493-A084877F3528}.Debug|Any CPU.ActiveCfg = Debug|Any CPU
		{924691D9-88F9-4D83-8493-A084877F3528}.Debug|Any CPU.Build.0 = Debug|Any CPU
		{924691D9-88F9-4D83-8493-A084877F3528}.Release|Any CPU.ActiveCfg = Release|Any CPU
		{924691D9-88F9-4D83-8493-A084877F3528}.Release|Any CPU.Build.0 = Release|Any CPU
	EndGlobalSection
	GlobalSection(SolutionProperties) = preSolution
		HideSolutionNode = FALSE
	EndGlobalSection
	GlobalSection(ExtensibilityGlobals) = postSolution
		SolutionGuid = {88A7AB3E-EB2C-4C66-B173-B97F71F282C3}
	EndGlobalSection
EndGlobal
